// !$*UTF8*$!
{
	archiveVersion = 1;
	classes = {
	};
	objectVersion = 46;
	objects = {

/* Begin PBXBuildFile section */
		B2C78BD615D33C6C00EA4146 /* UIKit.framework in Frameworks */ = {isa = PBXBuildFile; fileRef = B2C78BD515D33C6C00EA4146 /* UIKit.framework */; };
		B2C78BD815D33C6C00EA4146 /* Foundation.framework in Frameworks */ = {isa = PBXBuildFile; fileRef = B2C78BD715D33C6C00EA4146 /* Foundation.framework */; };
		B2C78BDA15D33C6C00EA4146 /* CoreGraphics.framework in Frameworks */ = {isa = PBXBuildFile; fileRef = B2C78BD915D33C6C00EA4146 /* CoreGraphics.framework */; };
		B2C78BE015D33C6C00EA4146 /* InfoPlist.strings in Resources */ = {isa = PBXBuildFile; fileRef = B2C78BDE15D33C6C00EA4146 /* InfoPlist.strings */; };
		B2C78BE215D33C6C00EA4146 /* main.m in Sources */ = {isa = PBXBuildFile; fileRef = B2C78BE115D33C6C00EA4146 /* main.m */; };
		B2C78BE615D33C6C00EA4146 /* AppDelegate.m in Sources */ = {isa = PBXBuildFile; fileRef = B2C78BE515D33C6C00EA4146 /* AppDelegate.m */; };
		B2C78BEF15D33C6C00EA4146 /* ViewController.m in Sources */ = {isa = PBXBuildFile; fileRef = B2C78BEE15D33C6C00EA4146 /* ViewController.m */; };
		B2C78C0E15D33CA900EA4146 /* ViewController.xib in Resources */ = {isa = PBXBuildFile; fileRef = B2C78C0D15D33CA900EA4146 /* ViewController.xib */; };
/* End PBXBuildFile section */

/* Begin PBXFileReference section */
		B2C78BD115D33C6C00EA4146 /* Wk2.app */ = {isa = PBXFileReference; explicitFileType = wrapper.application; includeInIndex = 0; path = Wk2.app; sourceTree = BUILT_PRODUCTS_DIR; };
		B2C78BD515D33C6C00EA4146 /* UIKit.framework */ = {isa = PBXFileReference; lastKnownFileType = wrapper.framework; name = UIKit.framework; path = System/Library/Frameworks/UIKit.framework; sourceTree = SDKROOT; };
		B2C78BD715D33C6C00EA4146 /* Foundation.framework */ = {isa = PBXFileReference; lastKnownFileType = wrapper.framework; name = Foundation.framework; path = System/Library/Frameworks/Foundation.framework; sourceTree = SDKROOT; };
		B2C78BD915D33C6C00EA4146 /* CoreGraphics.framework */ = {isa = PBXFileReference; lastKnownFileType = wrapper.framework; name = CoreGraphics.framework; path = System/Library/Frameworks/CoreGraphics.framework; sourceTree = SDKROOT; };
		B2C78BDD15D33C6C00EA4146 /* Wk2-Info.plist */ = {isa = PBXFileReference; lastKnownFileType = text.plist.xml; path = "Wk2-Info.plist"; sourceTree = "<group>"; };
		B2C78BDF15D33C6C00EA4146 /* en */ = {isa = PBXFileReference; lastKnownFileType = text.plist.strings; name = en; path = en.lproj/InfoPlist.strings; sourceTree = "<group>"; };
		B2C78BE115D33C6C00EA4146 /* main.m */ = {isa = PBXFileReference; lastKnownFileType = sourcecode.c.objc; path = main.m; sourceTree = "<group>"; };
		B2C78BE315D33C6C00EA4146 /* Wk2-Prefix.pch */ = {isa = PBXFileReference; lastKnownFileType = sourcecode.c.h; path = "Wk2-Prefix.pch"; sourceTree = "<group>"; };
		B2C78BE415D33C6C00EA4146 /* AppDelegate.h */ = {isa = PBXFileReference; lastKnownFileType = sourcecode.c.h; path = AppDelegate.h; sourceTree = "<group>"; };
		B2C78BE515D33C6C00EA4146 /* AppDelegate.m */ = {isa = PBXFileReference; lastKnownFileType = sourcecode.c.objc; path = AppDelegate.m; sourceTree = "<group>"; };
		B2C78BED15D33C6C00EA4146 /* ViewController.h */ = {isa = PBXFileReference; lastKnownFileType = sourcecode.c.h; path = ViewController.h; sourceTree = "<group>"; };
		B2C78BEE15D33C6C00EA4146 /* ViewController.m */ = {isa = PBXFileReference; lastKnownFileType = sourcecode.c.objc; path = ViewController.m; sourceTree = "<group>"; };
		B2C78BF615D33C6D00EA4146 /* SenTestingKit.framework */ = {isa = PBXFileReference; lastKnownFileType = wrapper.framework; name = SenTestingKit.framework; path = Library/Frameworks/SenTestingKit.framework; sourceTree = DEVELOPER_DIR; };
		B2C78BFE15D33C6D00EA4146 /* Wk2Tests-Info.plist */ = {isa = PBXFileReference; lastKnownFileType = text.plist.xml; path = "Wk2Tests-Info.plist"; sourceTree = "<group>"; };
		B2C78C0015D33C6D00EA4146 /* en */ = {isa = PBXFileReference; lastKnownFileType = text.plist.strings; name = en; path = en.lproj/InfoPlist.strings; sourceTree = "<group>"; };
		B2C78C0215D33C6D00EA4146 /* Wk2Tests.h */ = {isa = PBXFileReference; lastKnownFileType = sourcecode.c.h; path = Wk2Tests.h; sourceTree = "<group>"; };
		B2C78C0315D33C6D00EA4146 /* Wk2Tests.m */ = {isa = PBXFileReference; lastKnownFileType = sourcecode.c.objc; path = Wk2Tests.m; sourceTree = "<group>"; };
		B2C78C0D15D33CA900EA4146 /* ViewController.xib */ = {isa = PBXFileReference; fileEncoding = 4; lastKnownFileType = file.xib; path = ViewController.xib; sourceTree = "<group>"; };
/* End PBXFileReference section */

/* Begin PBXFrameworksBuildPhase section */
		B2C78BCE15D33C6C00EA4146 /* Frameworks */ = {
			isa = PBXFrameworksBuildPhase;
			buildActionMask = 2147483647;
			files = (
				B2C78BD615D33C6C00EA4146 /* UIKit.framework in Frameworks */,
				B2C78BD815D33C6C00EA4146 /* Foundation.framework in Frameworks */,
				B2C78BDA15D33C6C00EA4146 /* CoreGraphics.framework in Frameworks */,
			);
			runOnlyForDeploymentPostprocessing = 0;
		};
/* End PBXFrameworksBuildPhase section */

/* Begin PBXGroup section */
		B2C78BC615D33C6C00EA4146 = {
			isa = PBXGroup;
			children = (
				B2C78BDB15D33C6C00EA4146 /* Wk2 */,
				B2C78BFC15D33C6D00EA4146 /* Wk2Tests */,
				B2C78BD415D33C6C00EA4146 /* Frameworks */,
				B2C78BD215D33C6C00EA4146 /* Products */,
			);
			sourceTree = "<group>";
		};
		B2C78BD215D33C6C00EA4146 /* Products */ = {
			isa = PBXGroup;
			children = (
				B2C78BD115D33C6C00EA4146 /* Wk2.app */,
			);
			name = Products;
			sourceTree = "<group>";
		};
		B2C78BD415D33C6C00EA4146 /* Frameworks */ = {
			isa = PBXGroup;
			children = (
				B2C78BD515D33C6C00EA4146 /* UIKit.framework */,
				B2C78BD715D33C6C00EA4146 /* Foundation.framework */,
				B2C78BD915D33C6C00EA4146 /* CoreGraphics.framework */,
				B2C78BF615D33C6D00EA4146 /* SenTestingKit.framework */,
			);
			name = Frameworks;
			sourceTree = "<group>";
		};
		B2C78BDB15D33C6C00EA4146 /* Wk2 */ = {
			isa = PBXGroup;
			children = (
				B2C78BE415D33C6C00EA4146 /* AppDelegate.h */,
				B2C78BE515D33C6C00EA4146 /* AppDelegate.m */,
				B2C78BED15D33C6C00EA4146 /* ViewController.h */,
				B2C78BEE15D33C6C00EA4146 /* ViewController.m */,
				B2C78C0D15D33CA900EA4146 /* ViewController.xib */,
				B2C78BDC15D33C6C00EA4146 /* Supporting Files */,
			);
			path = Wk2;
			sourceTree = "<group>";
		};
		B2C78BDC15D33C6C00EA4146 /* Supporting Files */ = {
			isa = PBXGroup;
			children = (
				B2C78BDD15D33C6C00EA4146 /* Wk2-Info.plist */,
				B2C78BDE15D33C6C00EA4146 /* InfoPlist.strings */,
				B2C78BE115D33C6C00EA4146 /* main.m */,
				B2C78BE315D33C6C00EA4146 /* Wk2-Prefix.pch */,
			);
			name = "Supporting Files";
			sourceTree = "<group>";
		};
		B2C78BFC15D33C6D00EA4146 /* Wk2Tests */ = {
			isa = PBXGroup;
			children = (
				B2C78C0215D33C6D00EA4146 /* Wk2Tests.h */,
				B2C78C0315D33C6D00EA4146 /* Wk2Tests.m */,
				B2C78BFD15D33C6D00EA4146 /* Supporting Files */,
			);
			path = Wk2Tests;
			sourceTree = "<group>";
		};
		B2C78BFD15D33C6D00EA4146 /* Supporting Files */ = {
			isa = PBXGroup;
			children = (
				B2C78BFE15D33C6D00EA4146 /* Wk2Tests-Info.plist */,
				B2C78BFF15D33C6D00EA4146 /* InfoPlist.strings */,
			);
			name = "Supporting Files";
			sourceTree = "<group>";
		};
/* End PBXGroup section */

/* Begin PBXNativeTarget section */
		B2C78BD015D33C6C00EA4146 /* Wk2 */ = {
			isa = PBXNativeTarget;
			buildConfigurationList = B2C78C0715D33C6D00EA4146 /* Build configuration list for PBXNativeTarget "Wk2" */;
			buildPhases = (
				B2C78BCD15D33C6C00EA4146 /* Sources */,
				B2C78BCE15D33C6C00EA4146 /* Frameworks */,
				B2C78BCF15D33C6C00EA4146 /* Resources */,
			);
			buildRules = (
			);
			dependencies = (
			);
			name = Wk2;
			productName = Wk2;
			productReference = B2C78BD115D33C6C00EA4146 /* Wk2.app */;
			productType = "com.apple.product-type.application";
		};
/* End PBXNativeTarget section */

/* Begin PBXProject section */
		B2C78BC815D33C6C00EA4146 /* Project object */ = {
			isa = PBXProject;
			attributes = {
				LastUpgradeCheck = 0440;
				ORGANIZATIONNAME = "Michael Kelsey";
			};
			buildConfigurationList = B2C78BCB15D33C6C00EA4146 /* Build configuration list for PBXProject "Wk2" */;
			compatibilityVersion = "Xcode 3.2";
			developmentRegion = English;
			hasScannedForEncodings = 0;
			knownRegions = (
				en,
			);
			mainGroup = B2C78BC615D33C6C00EA4146;
			productRefGroup = B2C78BD215D33C6C00EA4146 /* Products */;
			projectDirPath = "";
			projectRoot = "";
			targets = (
				B2C78BD015D33C6C00EA4146 /* Wk2 */,
			);
		};
/* End PBXProject section */

/* Begin PBXResourcesBuildPhase section */
		B2C78BCF15D33C6C00EA4146 /* Resources */ = {
			isa = PBXResourcesBuildPhase;
			buildActionMask = 2147483647;
			files = (
				B2C78BE015D33C6C00EA4146 /* InfoPlist.strings in Resources */,
				B2C78C0E15D33CA900EA4146 /* ViewController.xib in Resources */,
			);
			runOnlyForDeploymentPostprocessing = 0;
		};
/* End PBXResourcesBuildPhase section */

/* Begin PBXSourcesBuildPhase section */
		B2C78BCD15D33C6C00EA4146 /* Sources */ = {
			isa = PBXSourcesBuildPhase;
			buildActionMask = 2147483647;
			files = (
				B2C78BE215D33C6C00EA4146 /* main.m in Sources */,
				B2C78BE615D33C6C00EA4146 /* AppDelegate.m in Sources */,
				B2C78BEF15D33C6C00EA4146 /* ViewController.m in Sources */,
			);
			runOnlyForDeploymentPostprocessing = 0;
		};
/* End PBXSourcesBuildPhase section */

/* Begin PBXVariantGroup section */
		B2C78BDE15D33C6C00EA4146 /* InfoPlist.strings */ = {
			isa = PBXVariantGroup;
			children = (
				B2C78BDF15D33C6C00EA4146 /* en */,
			);
			name = InfoPlist.strings;
			sourceTree = "<group>";
		};
		B2C78BFF15D33C6D00EA4146 /* InfoPlist.strings */ = {
			isa = PBXVariantGroup;
			children = (
				B2C78C0015D33C6D00EA4146 /* en */,
			);
			name = InfoPlist.strings;
			sourceTree = "<group>";
		};
/* End PBXVariantGroup section */

/* Begin XCBuildConfiguration section */
		B2C78C0515D33C6D00EA4146 /* Debug */ = {
			isa = XCBuildConfiguration;
			buildSettings = {
				ALWAYS_SEARCH_USER_PATHS = NO;
				ARCHS = "$(ARCHS_STANDARD_32_BIT)";
				CLANG_CXX_LANGUAGE_STANDARD = "gnu++0x";
				CLANG_WARN__DUPLICATE_METHOD_MATCH = YES;
				"CODE_SIGN_IDENTITY[sdk=iphoneos*]" = "iPhone Developer";
				COPY_PHASE_STRIP = NO;
				GCC_C_LANGUAGE_STANDARD = gnu99;
				GCC_DYNAMIC_NO_PIC = NO;
				GCC_OPTIMIZATION_LEVEL = 0;
				GCC_PREPROCESSOR_DEFINITIONS = (
					"DEBUG=1",
					"$(inherited)",
				);
				GCC_SYMBOLS_PRIVATE_EXTERN = NO;
				GCC_VERSION = com.apple.compilers.llvm.clang.1_0;
				GCC_WARN_ABOUT_RETURN_TYPE = YES;
				GCC_WARN_UNINITIALIZED_AUTOS = YES;
				GCC_WARN_UNUSED_VARIABLE = YES;
				IPHONEOS_DEPLOYMENT_TARGET = 5.1;
				SDKROOT = iphoneos;
				TARGETED_DEVICE_FAMILY = "1,2";
			};
			name = Debug;
		};
		B2C78C0615D33C6D00EA4146 /* Release */ = {
			isa = XCBuildConfiguration;
			buildSettings = {
				ALWAYS_SEARCH_USER_PATHS = NO;
				ARCHS = "$(ARCHS_STANDARD_32_BIT)";
				CLANG_CXX_LANGUAGE_STANDARD = "gnu++0x";
				CLANG_WARN__DUPLICATE_METHOD_MATCH = YES;
				"CODE_SIGN_IDENTITY[sdk=iphoneos*]" = "iPhone Developer";
				COPY_PHASE_STRIP = YES;
				GCC_C_LANGUAGE_STANDARD = gnu99;
				GCC_VERSION = com.apple.compilers.llvm.clang.1_0;
				GCC_WARN_ABOUT_RETURN_TYPE = YES;
				GCC_WARN_UNINITIALIZED_AUTOS = YES;
				GCC_WARN_UNUSED_VARIABLE = YES;
				IPHONEOS_DEPLOYMENT_TARGET = 5.1;
				OTHER_CFLAGS = "-DNS_BLOCK_ASSERTIONS=1";
				SDKROOT = iphoneos;
				TARGETED_DEVICE_FAMILY = "1,2";
				VALIDATE_PRODUCT = YES;
			};
			name = Release;
		};
		B2C78C0815D33C6D00EA4146 /* Debug */ = {
			isa = XCBuildConfiguration;
			buildSettings = {
				GCC_PRECOMPILE_PREFIX_HEADER = YES;
				GCC_PREFIX_HEADER = "Wk2/Wk2-Prefix.pch";
				INFOPLIST_FILE = "Wk2/Wk2-Info.plist";
				PRODUCT_NAME = "$(TARGET_NAME)";
				TARGETED_DEVICE_FAMILY = 1;
				WRAPPER_EXTENSION = app;
			};
			name = Debug;
		};
		B2C78C0915D33C6D00EA4146 /* Release */ = {
			isa = XCBuildConfiguration;
			buildSettings = {
				GCC_PRECOMPILE_PREFIX_HEADER = YES;
				GCC_PREFIX_HEADER = "Wk2/Wk2-Prefix.pch";
				INFOPLIST_FILE = "Wk2/Wk2-Info.plist";
				PRODUCT_NAME = "$(TARGET_NAME)";
				TARGETED_DEVICE_FAMILY = 1;
				WRAPPER_EXTENSION = app;
			};
			name = Release;
		};
/* End XCBuildConfiguration section */

/* Begin XCConfigurationList section */
		B2C78BCB15D33C6C00EA4146 /* Build configuration list for PBXProject "Wk2" */ = {
			isa = XCConfigurationList;
			buildConfigurations = (
				B2C78C0515D33C6D00EA4146 /* Debug */,
				B2C78C0615D33C6D00EA4146 /* Release */,
			);
			defaultConfigurationIsVisible = 0;
			defaultConfigurationName = Release;
		};
		B2C78C0715D33C6D00EA4146 /* Build configuration list for PBXNativeTarget "Wk2" */ = {
			isa = XCConfigurationList;
			buildConfigurations = (
				B2C78C0815D33C6D00EA4146 /* Debug */,
				B2C78C0915D33C6D00EA4146 /* Release */,
			);
			defaultConfigurationIsVisible = 0;
		};
/* End XCConfigurationList section */
	};
	rootObject = B2C78BC815D33C6C00EA4146 /* Project object */;
}
