// !$*UTF8*$!
{
	archiveVersion = 1;
	classes = {
	};
	objectVersion = 46;
	objects = {

/* Begin PBXBuildFile section */
		B2153AC415CAACFE000DDB6C /* UIKit.framework in Frameworks */ = {isa = PBXBuildFile; fileRef = B2153AC315CAACFE000DDB6C /* UIKit.framework */; };
		B2153AC615CAACFE000DDB6C /* Foundation.framework in Frameworks */ = {isa = PBXBuildFile; fileRef = B2153AC515CAACFE000DDB6C /* Foundation.framework */; };
		B2153AC815CAACFE000DDB6C /* CoreGraphics.framework in Frameworks */ = {isa = PBXBuildFile; fileRef = B2153AC715CAACFE000DDB6C /* CoreGraphics.framework */; };
		B2153ACE15CAACFE000DDB6C /* InfoPlist.strings in Resources */ = {isa = PBXBuildFile; fileRef = B2153ACC15CAACFE000DDB6C /* InfoPlist.strings */; };
		B2153AD015CAACFE000DDB6C /* main.m in Sources */ = {isa = PBXBuildFile; fileRef = B2153ACF15CAACFE000DDB6C /* main.m */; };
		B2153AD415CAACFE000DDB6C /* AppDelegate.m in Sources */ = {isa = PBXBuildFile; fileRef = B2153AD315CAACFE000DDB6C /* AppDelegate.m */; };
		B2153ADC15CAACFE000DDB6C /* SenTestingKit.framework in Frameworks */ = {isa = PBXBuildFile; fileRef = B2153ADB15CAACFE000DDB6C /* SenTestingKit.framework */; };
		B2153ADD15CAACFE000DDB6C /* UIKit.framework in Frameworks */ = {isa = PBXBuildFile; fileRef = B2153AC315CAACFE000DDB6C /* UIKit.framework */; };
		B2153ADE15CAACFE000DDB6C /* Foundation.framework in Frameworks */ = {isa = PBXBuildFile; fileRef = B2153AC515CAACFE000DDB6C /* Foundation.framework */; };
		B2153AE615CAACFE000DDB6C /* InfoPlist.strings in Resources */ = {isa = PBXBuildFile; fileRef = B2153AE415CAACFE000DDB6C /* InfoPlist.strings */; };
		B2153AE915CAACFE000DDB6C /* Wk1Tests.m in Sources */ = {isa = PBXBuildFile; fileRef = B2153AE815CAACFE000DDB6C /* Wk1Tests.m */; };
/* End PBXBuildFile section */

/* Begin PBXContainerItemProxy section */
		B2153ADF15CAACFE000DDB6C /* PBXContainerItemProxy */ = {
			isa = PBXContainerItemProxy;
			containerPortal = B2153AB615CAACFE000DDB6C /* Project object */;
			proxyType = 1;
			remoteGlobalIDString = B2153ABE15CAACFE000DDB6C;
			remoteInfo = Wk1;
		};
/* End PBXContainerItemProxy section */

/* Begin PBXFileReference section */
		B2153ABF15CAACFE000DDB6C /* Wk1.app */ = {isa = PBXFileReference; explicitFileType = wrapper.application; includeInIndex = 0; path = Wk1.app; sourceTree = BUILT_PRODUCTS_DIR; };
		B2153AC315CAACFE000DDB6C /* UIKit.framework */ = {isa = PBXFileReference; lastKnownFileType = wrapper.framework; name = UIKit.framework; path = System/Library/Frameworks/UIKit.framework; sourceTree = SDKROOT; };
		B2153AC515CAACFE000DDB6C /* Foundation.framework */ = {isa = PBXFileReference; lastKnownFileType = wrapper.framework; name = Foundation.framework; path = System/Library/Frameworks/Foundation.framework; sourceTree = SDKROOT; };
		B2153AC715CAACFE000DDB6C /* CoreGraphics.framework */ = {isa = PBXFileReference; lastKnownFileType = wrapper.framework; name = CoreGraphics.framework; path = System/Library/Frameworks/CoreGraphics.framework; sourceTree = SDKROOT; };
		B2153ACB15CAACFE000DDB6C /* Wk1-Info.plist */ = {isa = PBXFileReference; lastKnownFileType = text.plist.xml; path = "Wk1-Info.plist"; sourceTree = "<group>"; };
		B2153ACD15CAACFE000DDB6C /* en */ = {isa = PBXFileReference; lastKnownFileType = text.plist.strings; name = en; path = en.lproj/InfoPlist.strings; sourceTree = "<group>"; };
		B2153ACF15CAACFE000DDB6C /* main.m */ = {isa = PBXFileReference; lastKnownFileType = sourcecode.c.objc; path = main.m; sourceTree = "<group>"; };
		B2153AD115CAACFE000DDB6C /* Wk1-Prefix.pch */ = {isa = PBXFileReference; lastKnownFileType = sourcecode.c.h; path = "Wk1-Prefix.pch"; sourceTree = "<group>"; };
		B2153AD215CAACFE000DDB6C /* AppDelegate.h */ = {isa = PBXFileReference; lastKnownFileType = sourcecode.c.h; path = AppDelegate.h; sourceTree = "<group>"; };
		B2153AD315CAACFE000DDB6C /* AppDelegate.m */ = {isa = PBXFileReference; lastKnownFileType = sourcecode.c.objc; path = AppDelegate.m; sourceTree = "<group>"; };
		B2153ADA15CAACFE000DDB6C /* Wk1Tests.octest */ = {isa = PBXFileReference; explicitFileType = wrapper.cfbundle; includeInIndex = 0; path = Wk1Tests.octest; sourceTree = BUILT_PRODUCTS_DIR; };
		B2153ADB15CAACFE000DDB6C /* SenTestingKit.framework */ = {isa = PBXFileReference; lastKnownFileType = wrapper.framework; name = SenTestingKit.framework; path = Library/Frameworks/SenTestingKit.framework; sourceTree = DEVELOPER_DIR; };
		B2153AE315CAACFE000DDB6C /* Wk1Tests-Info.plist */ = {isa = PBXFileReference; lastKnownFileType = text.plist.xml; path = "Wk1Tests-Info.plist"; sourceTree = "<group>"; };
		B2153AE515CAACFE000DDB6C /* en */ = {isa = PBXFileReference; lastKnownFileType = text.plist.strings; name = en; path = en.lproj/InfoPlist.strings; sourceTree = "<group>"; };
		B2153AE715CAACFE000DDB6C /* Wk1Tests.h */ = {isa = PBXFileReference; lastKnownFileType = sourcecode.c.h; path = Wk1Tests.h; sourceTree = "<group>"; };
		B2153AE815CAACFE000DDB6C /* Wk1Tests.m */ = {isa = PBXFileReference; lastKnownFileType = sourcecode.c.objc; path = Wk1Tests.m; sourceTree = "<group>"; };
/* End PBXFileReference section */

/* Begin PBXFrameworksBuildPhase section */
		B2153ABC15CAACFE000DDB6C /* Frameworks */ = {
			isa = PBXFrameworksBuildPhase;
			buildActionMask = 2147483647;
			files = (
				B2153AC415CAACFE000DDB6C /* UIKit.framework in Frameworks */,
				B2153AC615CAACFE000DDB6C /* Foundation.framework in Frameworks */,
				B2153AC815CAACFE000DDB6C /* CoreGraphics.framework in Frameworks */,
			);
			runOnlyForDeploymentPostprocessing = 0;
		};
		B2153AD615CAACFE000DDB6C /* Frameworks */ = {
			isa = PBXFrameworksBuildPhase;
			buildActionMask = 2147483647;
			files = (
				B2153ADC15CAACFE000DDB6C /* SenTestingKit.framework in Frameworks */,
				B2153ADD15CAACFE000DDB6C /* UIKit.framework in Frameworks */,
				B2153ADE15CAACFE000DDB6C /* Foundation.framework in Frameworks */,
			);
			runOnlyForDeploymentPostprocessing = 0;
		};
/* End PBXFrameworksBuildPhase section */

/* Begin PBXGroup section */
		B2153AB415CAACFE000DDB6C = {
			isa = PBXGroup;
			children = (
				B2153AC915CAACFE000DDB6C /* Wk1 */,
				B2153AE115CAACFE000DDB6C /* Wk1Tests */,
				B2153AC215CAACFE000DDB6C /* Frameworks */,
				B2153AC015CAACFE000DDB6C /* Products */,
			);
			sourceTree = "<group>";
		};
		B2153AC015CAACFE000DDB6C /* Products */ = {
			isa = PBXGroup;
			children = (
				B2153ABF15CAACFE000DDB6C /* Wk1.app */,
				B2153ADA15CAACFE000DDB6C /* Wk1Tests.octest */,
			);
			name = Products;
			sourceTree = "<group>";
		};
		B2153AC215CAACFE000DDB6C /* Frameworks */ = {
			isa = PBXGroup;
			children = (
				B2153AC315CAACFE000DDB6C /* UIKit.framework */,
				B2153AC515CAACFE000DDB6C /* Foundation.framework */,
				B2153AC715CAACFE000DDB6C /* CoreGraphics.framework */,
				B2153ADB15CAACFE000DDB6C /* SenTestingKit.framework */,
			);
			name = Frameworks;
			sourceTree = "<group>";
		};
		B2153AC915CAACFE000DDB6C /* Wk1 */ = {
			isa = PBXGroup;
			children = (
				B2153AD215CAACFE000DDB6C /* AppDelegate.h */,
				B2153AD315CAACFE000DDB6C /* AppDelegate.m */,
				B2153ACA15CAACFE000DDB6C /* Supporting Files */,
			);
			path = Wk1;
			sourceTree = "<group>";
		};
		B2153ACA15CAACFE000DDB6C /* Supporting Files */ = {
			isa = PBXGroup;
			children = (
				B2153ACB15CAACFE000DDB6C /* Wk1-Info.plist */,
				B2153ACC15CAACFE000DDB6C /* InfoPlist.strings */,
				B2153ACF15CAACFE000DDB6C /* main.m */,
				B2153AD115CAACFE000DDB6C /* Wk1-Prefix.pch */,
			);
			name = "Supporting Files";
			sourceTree = "<group>";
		};
		B2153AE115CAACFE000DDB6C /* Wk1Tests */ = {
			isa = PBXGroup;
			children = (
				B2153AE715CAACFE000DDB6C /* Wk1Tests.h */,
				B2153AE815CAACFE000DDB6C /* Wk1Tests.m */,
				B2153AE215CAACFE000DDB6C /* Supporting Files */,
			);
			path = Wk1Tests;
			sourceTree = "<group>";
		};
		B2153AE215CAACFE000DDB6C /* Supporting Files */ = {
			isa = PBXGroup;
			children = (
				B2153AE315CAACFE000DDB6C /* Wk1Tests-Info.plist */,
				B2153AE415CAACFE000DDB6C /* InfoPlist.strings */,
			);
			name = "Supporting Files";
			sourceTree = "<group>";
		};
/* End PBXGroup section */

/* Begin PBXNativeTarget section */
		B2153ABE15CAACFE000DDB6C /* Wk1 */ = {
			isa = PBXNativeTarget;
			buildConfigurationList = B2153AEC15CAACFE000DDB6C /* Build configuration list for PBXNativeTarget "Wk1" */;
			buildPhases = (
				B2153ABB15CAACFE000DDB6C /* Sources */,
				B2153ABC15CAACFE000DDB6C /* Frameworks */,
				B2153ABD15CAACFE000DDB6C /* Resources */,
			);
			buildRules = (
			);
			dependencies = (
			);
			name = Wk1;
			productName = Wk1;
			productReference = B2153ABF15CAACFE000DDB6C /* Wk1.app */;
			productType = "com.apple.product-type.application";
		};
		B2153AD915CAACFE000DDB6C /* Wk1Tests */ = {
			isa = PBXNativeTarget;
			buildConfigurationList = B2153AEF15CAACFE000DDB6C /* Build configuration list for PBXNativeTarget "Wk1Tests" */;
			buildPhases = (
				B2153AD515CAACFE000DDB6C /* Sources */,
				B2153AD615CAACFE000DDB6C /* Frameworks */,
				B2153AD715CAACFE000DDB6C /* Resources */,
				B2153AD815CAACFE000DDB6C /* ShellScript */,
			);
			buildRules = (
			);
			dependencies = (
				B2153AE015CAACFE000DDB6C /* PBXTargetDependency */,
			);
			name = Wk1Tests;
			productName = Wk1Tests;
			productReference = B2153ADA15CAACFE000DDB6C /* Wk1Tests.octest */;
			productType = "com.apple.product-type.bundle";
		};
/* End PBXNativeTarget section */

/* Begin PBXProject section */
		B2153AB615CAACFE000DDB6C /* Project object */ = {
			isa = PBXProject;
			attributes = {
				LastUpgradeCheck = 0440;
				ORGANIZATIONNAME = "Michael Kelsey";
			};
			buildConfigurationList = B2153AB915CAACFE000DDB6C /* Build configuration list for PBXProject "Wk1" */;
			compatibilityVersion = "Xcode 3.2";
			developmentRegion = English;
			hasScannedForEncodings = 0;
			knownRegions = (
				en,
			);
			mainGroup = B2153AB415CAACFE000DDB6C;
			productRefGroup = B2153AC015CAACFE000DDB6C /* Products */;
			projectDirPath = "";
			projectRoot = "";
			targets = (
				B2153ABE15CAACFE000DDB6C /* Wk1 */,
				B2153AD915CAACFE000DDB6C /* Wk1Tests */,
			);
		};
/* End PBXProject section */

/* Begin PBXResourcesBuildPhase section */
		B2153ABD15CAACFE000DDB6C /* Resources */ = {
			isa = PBXResourcesBuildPhase;
			buildActionMask = 2147483647;
			files = (
				B2153ACE15CAACFE000DDB6C /* InfoPlist.strings in Resources */,
			);
			runOnlyForDeploymentPostprocessing = 0;
		};
		B2153AD715CAACFE000DDB6C /* Resources */ = {
			isa = PBXResourcesBuildPhase;
			buildActionMask = 2147483647;
			files = (
				B2153AE615CAACFE000DDB6C /* InfoPlist.strings in Resources */,
			);
			runOnlyForDeploymentPostprocessing = 0;
		};
/* End PBXResourcesBuildPhase section */

/* Begin PBXShellScriptBuildPhase section */
		B2153AD815CAACFE000DDB6C /* ShellScript */ = {
			isa = PBXShellScriptBuildPhase;
			buildActionMask = 2147483647;
			files = (
			);
			inputPaths = (
			);
			outputPaths = (
			);
			runOnlyForDeploymentPostprocessing = 0;
			shellPath = /bin/sh;
			shellScript = "# Run the unit tests in this test bundle.\n\"${SYSTEM_DEVELOPER_DIR}/Tools/RunUnitTests\"\n";
		};
/* End PBXShellScriptBuildPhase section */

/* Begin PBXSourcesBuildPhase section */
		B2153ABB15CAACFE000DDB6C /* Sources */ = {
			isa = PBXSourcesBuildPhase;
			buildActionMask = 2147483647;
			files = (
				B2153AD015CAACFE000DDB6C /* main.m in Sources */,
				B2153AD415CAACFE000DDB6C /* AppDelegate.m in Sources */,
			);
			runOnlyForDeploymentPostprocessing = 0;
		};
		B2153AD515CAACFE000DDB6C /* Sources */ = {
			isa = PBXSourcesBuildPhase;
			buildActionMask = 2147483647;
			files = (
				B2153AE915CAACFE000DDB6C /* Wk1Tests.m in Sources */,
			);
			runOnlyForDeploymentPostprocessing = 0;
		};
/* End PBXSourcesBuildPhase section */

/* Begin PBXTargetDependency section */
		B2153AE015CAACFE000DDB6C /* PBXTargetDependency */ = {
			isa = PBXTargetDependency;
			target = B2153ABE15CAACFE000DDB6C /* Wk1 */;
			targetProxy = B2153ADF15CAACFE000DDB6C /* PBXContainerItemProxy */;
		};
/* End PBXTargetDependency section */

/* Begin PBXVariantGroup section */
		B2153ACC15CAACFE000DDB6C /* InfoPlist.strings */ = {
			isa = PBXVariantGroup;
			children = (
				B2153ACD15CAACFE000DDB6C /* en */,
			);
			name = InfoPlist.strings;
			sourceTree = "<group>";
		};
		B2153AE415CAACFE000DDB6C /* InfoPlist.strings */ = {
			isa = PBXVariantGroup;
			children = (
				B2153AE515CAACFE000DDB6C /* en */,
			);
			name = InfoPlist.strings;
			sourceTree = "<group>";
		};
/* End PBXVariantGroup section */

/* Begin XCBuildConfiguration section */
		B2153AEA15CAACFE000DDB6C /* Debug */ = {
			isa = XCBuildConfiguration;
			buildSettings = {
				ALWAYS_SEARCH_USER_PATHS = NO;
				ARCHS = "$(ARCHS_STANDARD_32_BIT)";
				CLANG_CXX_LANGUAGE_STANDARD = "gnu++0x";
				CLANG_WARN__DUPLICATE_METHOD_MATCH = YES;
				"CODE_SIGN_IDENTITY[sdk=iphoneos*]" = "iPhone Developer";
				COPY_PHASE_STRIP = NO;
				GCC_C_LANGUAGE_STANDARD = gnu99;
				GCC_DYNAMIC_NO_PIC = NO;
				GCC_OPTIMIZATION_LEVEL = 0;
				GCC_PREPROCESSOR_DEFINITIONS = (
					"DEBUG=1",
					"$(inherited)",
				);
				GCC_SYMBOLS_PRIVATE_EXTERN = NO;
				GCC_VERSION = com.apple.compilers.llvm.clang.1_0;
				GCC_WARN_ABOUT_RETURN_TYPE = YES;
				GCC_WARN_UNINITIALIZED_AUTOS = YES;
				GCC_WARN_UNUSED_VARIABLE = YES;
				IPHONEOS_DEPLOYMENT_TARGET = 5.1;
				SDKROOT = iphoneos;
				TARGETED_DEVICE_FAMILY = "1,2";
			};
			name = Debug;
		};
		B2153AEB15CAACFE000DDB6C /* Release */ = {
			isa = XCBuildConfiguration;
			buildSettings = {
				ALWAYS_SEARCH_USER_PATHS = NO;
				ARCHS = "$(ARCHS_STANDARD_32_BIT)";
				CLANG_CXX_LANGUAGE_STANDARD = "gnu++0x";
				CLANG_WARN__DUPLICATE_METHOD_MATCH = YES;
				"CODE_SIGN_IDENTITY[sdk=iphoneos*]" = "iPhone Developer";
				COPY_PHASE_STRIP = YES;
				GCC_C_LANGUAGE_STANDARD = gnu99;
				GCC_VERSION = com.apple.compilers.llvm.clang.1_0;
				GCC_WARN_ABOUT_RETURN_TYPE = YES;
				GCC_WARN_UNINITIALIZED_AUTOS = YES;
				GCC_WARN_UNUSED_VARIABLE = YES;
				IPHONEOS_DEPLOYMENT_TARGET = 5.1;
				OTHER_CFLAGS = "-DNS_BLOCK_ASSERTIONS=1";
				SDKROOT = iphoneos;
				TARGETED_DEVICE_FAMILY = "1,2";
				VALIDATE_PRODUCT = YES;
			};
			name = Release;
		};
		B2153AED15CAACFE000DDB6C /* Debug */ = {
			isa = XCBuildConfiguration;
			buildSettings = {
				GCC_PRECOMPILE_PREFIX_HEADER = YES;
				GCC_PREFIX_HEADER = "Wk1/Wk1-Prefix.pch";
				INFOPLIST_FILE = "Wk1/Wk1-Info.plist";
				PRODUCT_NAME = "$(TARGET_NAME)";
				WRAPPER_EXTENSION = app;
			};
			name = Debug;
		};
		B2153AEE15CAACFE000DDB6C /* Release */ = {
			isa = XCBuildConfiguration;
			buildSettings = {
				GCC_PRECOMPILE_PREFIX_HEADER = YES;
				GCC_PREFIX_HEADER = "Wk1/Wk1-Prefix.pch";
				INFOPLIST_FILE = "Wk1/Wk1-Info.plist";
				PRODUCT_NAME = "$(TARGET_NAME)";
				WRAPPER_EXTENSION = app;
			};
			name = Release;
		};
		B2153AF015CAACFE000DDB6C /* Debug */ = {
			isa = XCBuildConfiguration;
			buildSettings = {
				BUNDLE_LOADER = "$(BUILT_PRODUCTS_DIR)/Wk1.app/Wk1";
				FRAMEWORK_SEARCH_PATHS = (
					"\"$(SDKROOT)/Developer/Library/Frameworks\"",
					"\"$(DEVELOPER_LIBRARY_DIR)/Frameworks\"",
				);
				GCC_PRECOMPILE_PREFIX_HEADER = YES;
				GCC_PREFIX_HEADER = "Wk1/Wk1-Prefix.pch";
				INFOPLIST_FILE = "Wk1Tests/Wk1Tests-Info.plist";
				PRODUCT_NAME = "$(TARGET_NAME)";
				TEST_HOST = "$(BUNDLE_LOADER)";
				WRAPPER_EXTENSION = octest;
			};
			name = Debug;
		};
		B2153AF115CAACFE000DDB6C /* Release */ = {
			isa = XCBuildConfiguration;
			buildSettings = {
				BUNDLE_LOADER = "$(BUILT_PRODUCTS_DIR)/Wk1.app/Wk1";
				FRAMEWORK_SEARCH_PATHS = (
					"\"$(SDKROOT)/Developer/Library/Frameworks\"",
					"\"$(DEVELOPER_LIBRARY_DIR)/Frameworks\"",
				);
				GCC_PRECOMPILE_PREFIX_HEADER = YES;
				GCC_PREFIX_HEADER = "Wk1/Wk1-Prefix.pch";
				INFOPLIST_FILE = "Wk1Tests/Wk1Tests-Info.plist";
				PRODUCT_NAME = "$(TARGET_NAME)";
				TEST_HOST = "$(BUNDLE_LOADER)";
				WRAPPER_EXTENSION = octest;
			};
			name = Release;
		};
/* End XCBuildConfiguration section */

/* Begin XCConfigurationList section */
		B2153AB915CAACFE000DDB6C /* Build configuration list for PBXProject "Wk1" */ = {
			isa = XCConfigurationList;
			buildConfigurations = (
				B2153AEA15CAACFE000DDB6C /* Debug */,
				B2153AEB15CAACFE000DDB6C /* Release */,
			);
			defaultConfigurationIsVisible = 0;
			defaultConfigurationName = Release;
		};
		B2153AEC15CAACFE000DDB6C /* Build configuration list for PBXNativeTarget "Wk1" */ = {
			isa = XCConfigurationList;
			buildConfigurations = (
				B2153AED15CAACFE000DDB6C /* Debug */,
				B2153AEE15CAACFE000DDB6C /* Release */,
			);
			defaultConfigurationIsVisible = 0;
		};
		B2153AEF15CAACFE000DDB6C /* Build configuration list for PBXNativeTarget "Wk1Tests" */ = {
			isa = XCConfigurationList;
			buildConfigurations = (
				B2153AF015CAACFE000DDB6C /* Debug */,
				B2153AF115CAACFE000DDB6C /* Release */,
			);
			defaultConfigurationIsVisible = 0;
		};
/* End XCConfigurationList section */
	};
	rootObject = B2153AB615CAACFE000DDB6C /* Project object */;
}
