// !$*UTF8*$!
{
	archiveVersion = 1;
	classes = {
	};
	objectVersion = 46;
	objects = {

/* Begin PBXBuildFile section */
		B2778D1B15E6DB8B00E4407E /* UIKit.framework in Frameworks */ = {isa = PBXBuildFile; fileRef = B2778D1A15E6DB8B00E4407E /* UIKit.framework */; };
		B2778D1D15E6DB8B00E4407E /* Foundation.framework in Frameworks */ = {isa = PBXBuildFile; fileRef = B2778D1C15E6DB8B00E4407E /* Foundation.framework */; };
		B2778D1F15E6DB8B00E4407E /* CoreGraphics.framework in Frameworks */ = {isa = PBXBuildFile; fileRef = B2778D1E15E6DB8B00E4407E /* CoreGraphics.framework */; };
		B2778D2515E6DB8B00E4407E /* InfoPlist.strings in Resources */ = {isa = PBXBuildFile; fileRef = B2778D2315E6DB8B00E4407E /* InfoPlist.strings */; };
		B2778D2715E6DB8B00E4407E /* main.m in Sources */ = {isa = PBXBuildFile; fileRef = B2778D2615E6DB8B00E4407E /* main.m */; };
		B2778D2B15E6DB8B00E4407E /* AppDelegate.m in Sources */ = {isa = PBXBuildFile; fileRef = B2778D2A15E6DB8B00E4407E /* AppDelegate.m */; };
		B2778D2E15E6DB8B00E4407E /* ViewController.m in Sources */ = {isa = PBXBuildFile; fileRef = B2778D2D15E6DB8B00E4407E /* ViewController.m */; };
		B2778D3115E6DB8B00E4407E /* ViewController_iPhone.xib in Resources */ = {isa = PBXBuildFile; fileRef = B2778D2F15E6DB8B00E4407E /* ViewController_iPhone.xib */; };
		B2778D3415E6DB8B00E4407E /* ViewController_iPad.xib in Resources */ = {isa = PBXBuildFile; fileRef = B2778D3215E6DB8B00E4407E /* ViewController_iPad.xib */; };
		B2778D3C15E6DB8B00E4407E /* SenTestingKit.framework in Frameworks */ = {isa = PBXBuildFile; fileRef = B2778D3B15E6DB8B00E4407E /* SenTestingKit.framework */; };
		B2778D3D15E6DB8B00E4407E /* UIKit.framework in Frameworks */ = {isa = PBXBuildFile; fileRef = B2778D1A15E6DB8B00E4407E /* UIKit.framework */; };
		B2778D3E15E6DB8B00E4407E /* Foundation.framework in Frameworks */ = {isa = PBXBuildFile; fileRef = B2778D1C15E6DB8B00E4407E /* Foundation.framework */; };
		B2778D4615E6DB8B00E4407E /* InfoPlist.strings in Resources */ = {isa = PBXBuildFile; fileRef = B2778D4415E6DB8B00E4407E /* InfoPlist.strings */; };
		B2778D4915E6DB8B00E4407E /* Wk4Tests.m in Sources */ = {isa = PBXBuildFile; fileRef = B2778D4815E6DB8B00E4407E /* Wk4Tests.m */; };
/* End PBXBuildFile section */

/* Begin PBXContainerItemProxy section */
		B2778D3F15E6DB8B00E4407E /* PBXContainerItemProxy */ = {
			isa = PBXContainerItemProxy;
			containerPortal = B2778D0D15E6DB8B00E4407E /* Project object */;
			proxyType = 1;
			remoteGlobalIDString = B2778D1515E6DB8B00E4407E;
			remoteInfo = Wk4;
		};
/* End PBXContainerItemProxy section */

/* Begin PBXFileReference section */
		B2778D1615E6DB8B00E4407E /* Wk4.app */ = {isa = PBXFileReference; explicitFileType = wrapper.application; includeInIndex = 0; path = Wk4.app; sourceTree = BUILT_PRODUCTS_DIR; };
		B2778D1A15E6DB8B00E4407E /* UIKit.framework */ = {isa = PBXFileReference; lastKnownFileType = wrapper.framework; name = UIKit.framework; path = System/Library/Frameworks/UIKit.framework; sourceTree = SDKROOT; };
		B2778D1C15E6DB8B00E4407E /* Foundation.framework */ = {isa = PBXFileReference; lastKnownFileType = wrapper.framework; name = Foundation.framework; path = System/Library/Frameworks/Foundation.framework; sourceTree = SDKROOT; };
		B2778D1E15E6DB8B00E4407E /* CoreGraphics.framework */ = {isa = PBXFileReference; lastKnownFileType = wrapper.framework; name = CoreGraphics.framework; path = System/Library/Frameworks/CoreGraphics.framework; sourceTree = SDKROOT; };
		B2778D2215E6DB8B00E4407E /* Wk4-Info.plist */ = {isa = PBXFileReference; lastKnownFileType = text.plist.xml; path = "Wk4-Info.plist"; sourceTree = "<group>"; };
		B2778D2415E6DB8B00E4407E /* en */ = {isa = PBXFileReference; lastKnownFileType = text.plist.strings; name = en; path = en.lproj/InfoPlist.strings; sourceTree = "<group>"; };
		B2778D2615E6DB8B00E4407E /* main.m */ = {isa = PBXFileReference; lastKnownFileType = sourcecode.c.objc; path = main.m; sourceTree = "<group>"; };
		B2778D2815E6DB8B00E4407E /* Wk4-Prefix.pch */ = {isa = PBXFileReference; lastKnownFileType = sourcecode.c.h; path = "Wk4-Prefix.pch"; sourceTree = "<group>"; };
		B2778D2915E6DB8B00E4407E /* AppDelegate.h */ = {isa = PBXFileReference; lastKnownFileType = sourcecode.c.h; path = AppDelegate.h; sourceTree = "<group>"; };
		B2778D2A15E6DB8B00E4407E /* AppDelegate.m */ = {isa = PBXFileReference; lastKnownFileType = sourcecode.c.objc; path = AppDelegate.m; sourceTree = "<group>"; };
		B2778D2C15E6DB8B00E4407E /* ViewController.h */ = {isa = PBXFileReference; lastKnownFileType = sourcecode.c.h; path = ViewController.h; sourceTree = "<group>"; };
		B2778D2D15E6DB8B00E4407E /* ViewController.m */ = {isa = PBXFileReference; lastKnownFileType = sourcecode.c.objc; path = ViewController.m; sourceTree = "<group>"; };
		B2778D3015E6DB8B00E4407E /* en */ = {isa = PBXFileReference; lastKnownFileType = file.xib; name = en; path = en.lproj/ViewController_iPhone.xib; sourceTree = "<group>"; };
		B2778D3315E6DB8B00E4407E /* en */ = {isa = PBXFileReference; lastKnownFileType = file.xib; name = en; path = en.lproj/ViewController_iPad.xib; sourceTree = "<group>"; };
		B2778D3A15E6DB8B00E4407E /* Wk4Tests.octest */ = {isa = PBXFileReference; explicitFileType = wrapper.cfbundle; includeInIndex = 0; path = Wk4Tests.octest; sourceTree = BUILT_PRODUCTS_DIR; };
		B2778D3B15E6DB8B00E4407E /* SenTestingKit.framework */ = {isa = PBXFileReference; lastKnownFileType = wrapper.framework; name = SenTestingKit.framework; path = Library/Frameworks/SenTestingKit.framework; sourceTree = DEVELOPER_DIR; };
		B2778D4315E6DB8B00E4407E /* Wk4Tests-Info.plist */ = {isa = PBXFileReference; lastKnownFileType = text.plist.xml; path = "Wk4Tests-Info.plist"; sourceTree = "<group>"; };
		B2778D4515E6DB8B00E4407E /* en */ = {isa = PBXFileReference; lastKnownFileType = text.plist.strings; name = en; path = en.lproj/InfoPlist.strings; sourceTree = "<group>"; };
		B2778D4715E6DB8B00E4407E /* Wk4Tests.h */ = {isa = PBXFileReference; lastKnownFileType = sourcecode.c.h; path = Wk4Tests.h; sourceTree = "<group>"; };
		B2778D4815E6DB8B00E4407E /* Wk4Tests.m */ = {isa = PBXFileReference; lastKnownFileType = sourcecode.c.objc; path = Wk4Tests.m; sourceTree = "<group>"; };
/* End PBXFileReference section */

/* Begin PBXFrameworksBuildPhase section */
		B2778D1315E6DB8B00E4407E /* Frameworks */ = {
			isa = PBXFrameworksBuildPhase;
			buildActionMask = 2147483647;
			files = (
				B2778D1B15E6DB8B00E4407E /* UIKit.framework in Frameworks */,
				B2778D1D15E6DB8B00E4407E /* Foundation.framework in Frameworks */,
				B2778D1F15E6DB8B00E4407E /* CoreGraphics.framework in Frameworks */,
			);
			runOnlyForDeploymentPostprocessing = 0;
		};
		B2778D3615E6DB8B00E4407E /* Frameworks */ = {
			isa = PBXFrameworksBuildPhase;
			buildActionMask = 2147483647;
			files = (
				B2778D3C15E6DB8B00E4407E /* SenTestingKit.framework in Frameworks */,
				B2778D3D15E6DB8B00E4407E /* UIKit.framework in Frameworks */,
				B2778D3E15E6DB8B00E4407E /* Foundation.framework in Frameworks */,
			);
			runOnlyForDeploymentPostprocessing = 0;
		};
/* End PBXFrameworksBuildPhase section */

/* Begin PBXGroup section */
		B2778D0B15E6DB8B00E4407E = {
			isa = PBXGroup;
			children = (
				B2778D2015E6DB8B00E4407E /* Wk4 */,
				B2778D4115E6DB8B00E4407E /* Wk4Tests */,
				B2778D1915E6DB8B00E4407E /* Frameworks */,
				B2778D1715E6DB8B00E4407E /* Products */,
			);
			sourceTree = "<group>";
		};
		B2778D1715E6DB8B00E4407E /* Products */ = {
			isa = PBXGroup;
			children = (
				B2778D1615E6DB8B00E4407E /* Wk4.app */,
				B2778D3A15E6DB8B00E4407E /* Wk4Tests.octest */,
			);
			name = Products;
			sourceTree = "<group>";
		};
		B2778D1915E6DB8B00E4407E /* Frameworks */ = {
			isa = PBXGroup;
			children = (
				B2778D1A15E6DB8B00E4407E /* UIKit.framework */,
				B2778D1C15E6DB8B00E4407E /* Foundation.framework */,
				B2778D1E15E6DB8B00E4407E /* CoreGraphics.framework */,
				B2778D3B15E6DB8B00E4407E /* SenTestingKit.framework */,
			);
			name = Frameworks;
			sourceTree = "<group>";
		};
		B2778D2015E6DB8B00E4407E /* Wk4 */ = {
			isa = PBXGroup;
			children = (
				B2778D2915E6DB8B00E4407E /* AppDelegate.h */,
				B2778D2A15E6DB8B00E4407E /* AppDelegate.m */,
				B2778D2C15E6DB8B00E4407E /* ViewController.h */,
				B2778D2D15E6DB8B00E4407E /* ViewController.m */,
				B2778D2F15E6DB8B00E4407E /* ViewController_iPhone.xib */,
				B2778D3215E6DB8B00E4407E /* ViewController_iPad.xib */,
				B2778D2115E6DB8B00E4407E /* Supporting Files */,
			);
			path = Wk4;
			sourceTree = "<group>";
		};
		B2778D2115E6DB8B00E4407E /* Supporting Files */ = {
			isa = PBXGroup;
			children = (
				B2778D2215E6DB8B00E4407E /* Wk4-Info.plist */,
				B2778D2315E6DB8B00E4407E /* InfoPlist.strings */,
				B2778D2615E6DB8B00E4407E /* main.m */,
				B2778D2815E6DB8B00E4407E /* Wk4-Prefix.pch */,
			);
			name = "Supporting Files";
			sourceTree = "<group>";
		};
		B2778D4115E6DB8B00E4407E /* Wk4Tests */ = {
			isa = PBXGroup;
			children = (
				B2778D4715E6DB8B00E4407E /* Wk4Tests.h */,
				B2778D4815E6DB8B00E4407E /* Wk4Tests.m */,
				B2778D4215E6DB8B00E4407E /* Supporting Files */,
			);
			path = Wk4Tests;
			sourceTree = "<group>";
		};
		B2778D4215E6DB8B00E4407E /* Supporting Files */ = {
			isa = PBXGroup;
			children = (
				B2778D4315E6DB8B00E4407E /* Wk4Tests-Info.plist */,
				B2778D4415E6DB8B00E4407E /* InfoPlist.strings */,
			);
			name = "Supporting Files";
			sourceTree = "<group>";
		};
/* End PBXGroup section */

/* Begin PBXNativeTarget section */
		B2778D1515E6DB8B00E4407E /* Wk4 */ = {
			isa = PBXNativeTarget;
			buildConfigurationList = B2778D4C15E6DB8B00E4407E /* Build configuration list for PBXNativeTarget "Wk4" */;
			buildPhases = (
				B2778D1215E6DB8B00E4407E /* Sources */,
				B2778D1315E6DB8B00E4407E /* Frameworks */,
				B2778D1415E6DB8B00E4407E /* Resources */,
			);
			buildRules = (
			);
			dependencies = (
			);
			name = Wk4;
			productName = Wk4;
			productReference = B2778D1615E6DB8B00E4407E /* Wk4.app */;
			productType = "com.apple.product-type.application";
		};
		B2778D3915E6DB8B00E4407E /* Wk4Tests */ = {
			isa = PBXNativeTarget;
			buildConfigurationList = B2778D4F15E6DB8B00E4407E /* Build configuration list for PBXNativeTarget "Wk4Tests" */;
			buildPhases = (
				B2778D3515E6DB8B00E4407E /* Sources */,
				B2778D3615E6DB8B00E4407E /* Frameworks */,
				B2778D3715E6DB8B00E4407E /* Resources */,
				B2778D3815E6DB8B00E4407E /* ShellScript */,
			);
			buildRules = (
			);
			dependencies = (
				B2778D4015E6DB8B00E4407E /* PBXTargetDependency */,
			);
			name = Wk4Tests;
			productName = Wk4Tests;
			productReference = B2778D3A15E6DB8B00E4407E /* Wk4Tests.octest */;
			productType = "com.apple.product-type.bundle";
		};
/* End PBXNativeTarget section */

/* Begin PBXProject section */
		B2778D0D15E6DB8B00E4407E /* Project object */ = {
			isa = PBXProject;
			attributes = {
				LastUpgradeCheck = 0440;
				ORGANIZATIONNAME = "Michael Kelsey";
			};
			buildConfigurationList = B2778D1015E6DB8B00E4407E /* Build configuration list for PBXProject "Wk4" */;
			compatibilityVersion = "Xcode 3.2";
			developmentRegion = English;
			hasScannedForEncodings = 0;
			knownRegions = (
				en,
			);
			mainGroup = B2778D0B15E6DB8B00E4407E;
			productRefGroup = B2778D1715E6DB8B00E4407E /* Products */;
			projectDirPath = "";
			projectRoot = "";
			targets = (
				B2778D1515E6DB8B00E4407E /* Wk4 */,
				B2778D3915E6DB8B00E4407E /* Wk4Tests */,
			);
		};
/* End PBXProject section */

/* Begin PBXResourcesBuildPhase section */
		B2778D1415E6DB8B00E4407E /* Resources */ = {
			isa = PBXResourcesBuildPhase;
			buildActionMask = 2147483647;
			files = (
				B2778D2515E6DB8B00E4407E /* InfoPlist.strings in Resources */,
				B2778D3115E6DB8B00E4407E /* ViewController_iPhone.xib in Resources */,
				B2778D3415E6DB8B00E4407E /* ViewController_iPad.xib in Resources */,
			);
			runOnlyForDeploymentPostprocessing = 0;
		};
		B2778D3715E6DB8B00E4407E /* Resources */ = {
			isa = PBXResourcesBuildPhase;
			buildActionMask = 2147483647;
			files = (
				B2778D4615E6DB8B00E4407E /* InfoPlist.strings in Resources */,
			);
			runOnlyForDeploymentPostprocessing = 0;
		};
/* End PBXResourcesBuildPhase section */

/* Begin PBXShellScriptBuildPhase section */
		B2778D3815E6DB8B00E4407E /* ShellScript */ = {
			isa = PBXShellScriptBuildPhase;
			buildActionMask = 2147483647;
			files = (
			);
			inputPaths = (
			);
			outputPaths = (
			);
			runOnlyForDeploymentPostprocessing = 0;
			shellPath = /bin/sh;
			shellScript = "# Run the unit tests in this test bundle.\n\"${SYSTEM_DEVELOPER_DIR}/Tools/RunUnitTests\"\n";
		};
/* End PBXShellScriptBuildPhase section */

/* Begin PBXSourcesBuildPhase section */
		B2778D1215E6DB8B00E4407E /* Sources */ = {
			isa = PBXSourcesBuildPhase;
			buildActionMask = 2147483647;
			files = (
				B2778D2715E6DB8B00E4407E /* main.m in Sources */,
				B2778D2B15E6DB8B00E4407E /* AppDelegate.m in Sources */,
				B2778D2E15E6DB8B00E4407E /* ViewController.m in Sources */,
			);
			runOnlyForDeploymentPostprocessing = 0;
		};
		B2778D3515E6DB8B00E4407E /* Sources */ = {
			isa = PBXSourcesBuildPhase;
			buildActionMask = 2147483647;
			files = (
				B2778D4915E6DB8B00E4407E /* Wk4Tests.m in Sources */,
			);
			runOnlyForDeploymentPostprocessing = 0;
		};
/* End PBXSourcesBuildPhase section */

/* Begin PBXTargetDependency section */
		B2778D4015E6DB8B00E4407E /* PBXTargetDependency */ = {
			isa = PBXTargetDependency;
			target = B2778D1515E6DB8B00E4407E /* Wk4 */;
			targetProxy = B2778D3F15E6DB8B00E4407E /* PBXContainerItemProxy */;
		};
/* End PBXTargetDependency section */

/* Begin PBXVariantGroup section */
		B2778D2315E6DB8B00E4407E /* InfoPlist.strings */ = {
			isa = PBXVariantGroup;
			children = (
				B2778D2415E6DB8B00E4407E /* en */,
			);
			name = InfoPlist.strings;
			sourceTree = "<group>";
		};
		B2778D2F15E6DB8B00E4407E /* ViewController_iPhone.xib */ = {
			isa = PBXVariantGroup;
			children = (
				B2778D3015E6DB8B00E4407E /* en */,
			);
			name = ViewController_iPhone.xib;
			sourceTree = "<group>";
		};
		B2778D3215E6DB8B00E4407E /* ViewController_iPad.xib */ = {
			isa = PBXVariantGroup;
			children = (
				B2778D3315E6DB8B00E4407E /* en */,
			);
			name = ViewController_iPad.xib;
			sourceTree = "<group>";
		};
		B2778D4415E6DB8B00E4407E /* InfoPlist.strings */ = {
			isa = PBXVariantGroup;
			children = (
				B2778D4515E6DB8B00E4407E /* en */,
			);
			name = InfoPlist.strings;
			sourceTree = "<group>";
		};
/* End PBXVariantGroup section */

/* Begin XCBuildConfiguration section */
		B2778D4A15E6DB8B00E4407E /* Debug */ = {
			isa = XCBuildConfiguration;
			buildSettings = {
				ALWAYS_SEARCH_USER_PATHS = NO;
				ARCHS = "$(ARCHS_STANDARD_32_BIT)";
				CLANG_CXX_LANGUAGE_STANDARD = "gnu++0x";
				CLANG_WARN__DUPLICATE_METHOD_MATCH = YES;
				"CODE_SIGN_IDENTITY[sdk=iphoneos*]" = "iPhone Developer";
				COPY_PHASE_STRIP = NO;
				GCC_C_LANGUAGE_STANDARD = gnu99;
				GCC_DYNAMIC_NO_PIC = NO;
				GCC_OPTIMIZATION_LEVEL = 0;
				GCC_PREPROCESSOR_DEFINITIONS = (
					"DEBUG=1",
					"$(inherited)",
				);
				GCC_SYMBOLS_PRIVATE_EXTERN = NO;
				GCC_VERSION = com.apple.compilers.llvm.clang.1_0;
				GCC_WARN_ABOUT_RETURN_TYPE = YES;
				GCC_WARN_UNINITIALIZED_AUTOS = YES;
				GCC_WARN_UNUSED_VARIABLE = YES;
				IPHONEOS_DEPLOYMENT_TARGET = 5.1;
				SDKROOT = iphoneos;
				TARGETED_DEVICE_FAMILY = "1,2";
			};
			name = Debug;
		};
		B2778D4B15E6DB8B00E4407E /* Release */ = {
			isa = XCBuildConfiguration;
			buildSettings = {
				ALWAYS_SEARCH_USER_PATHS = NO;
				ARCHS = "$(ARCHS_STANDARD_32_BIT)";
				CLANG_CXX_LANGUAGE_STANDARD = "gnu++0x";
				CLANG_WARN__DUPLICATE_METHOD_MATCH = YES;
				"CODE_SIGN_IDENTITY[sdk=iphoneos*]" = "iPhone Developer";
				COPY_PHASE_STRIP = YES;
				GCC_C_LANGUAGE_STANDARD = gnu99;
				GCC_VERSION = com.apple.compilers.llvm.clang.1_0;
				GCC_WARN_ABOUT_RETURN_TYPE = YES;
				GCC_WARN_UNINITIALIZED_AUTOS = YES;
				GCC_WARN_UNUSED_VARIABLE = YES;
				IPHONEOS_DEPLOYMENT_TARGET = 5.1;
				OTHER_CFLAGS = "-DNS_BLOCK_ASSERTIONS=1";
				SDKROOT = iphoneos;
				TARGETED_DEVICE_FAMILY = "1,2";
				VALIDATE_PRODUCT = YES;
			};
			name = Release;
		};
		B2778D4D15E6DB8B00E4407E /* Debug */ = {
			isa = XCBuildConfiguration;
			buildSettings = {
				GCC_PRECOMPILE_PREFIX_HEADER = YES;
				GCC_PREFIX_HEADER = "Wk4/Wk4-Prefix.pch";
				INFOPLIST_FILE = "Wk4/Wk4-Info.plist";
				PRODUCT_NAME = "$(TARGET_NAME)";
				WRAPPER_EXTENSION = app;
			};
			name = Debug;
		};
		B2778D4E15E6DB8B00E4407E /* Release */ = {
			isa = XCBuildConfiguration;
			buildSettings = {
				GCC_PRECOMPILE_PREFIX_HEADER = YES;
				GCC_PREFIX_HEADER = "Wk4/Wk4-Prefix.pch";
				INFOPLIST_FILE = "Wk4/Wk4-Info.plist";
				PRODUCT_NAME = "$(TARGET_NAME)";
				WRAPPER_EXTENSION = app;
			};
			name = Release;
		};
		B2778D5015E6DB8B00E4407E /* Debug */ = {
			isa = XCBuildConfiguration;
			buildSettings = {
				BUNDLE_LOADER = "$(BUILT_PRODUCTS_DIR)/Wk4.app/Wk4";
				FRAMEWORK_SEARCH_PATHS = (
					"\"$(SDKROOT)/Developer/Library/Frameworks\"",
					"\"$(DEVELOPER_LIBRARY_DIR)/Frameworks\"",
				);
				GCC_PRECOMPILE_PREFIX_HEADER = YES;
				GCC_PREFIX_HEADER = "Wk4/Wk4-Prefix.pch";
				INFOPLIST_FILE = "Wk4Tests/Wk4Tests-Info.plist";
				PRODUCT_NAME = "$(TARGET_NAME)";
				TEST_HOST = "$(BUNDLE_LOADER)";
				WRAPPER_EXTENSION = octest;
			};
			name = Debug;
		};
		B2778D5115E6DB8B00E4407E /* Release */ = {
			isa = XCBuildConfiguration;
			buildSettings = {
				BUNDLE_LOADER = "$(BUILT_PRODUCTS_DIR)/Wk4.app/Wk4";
				FRAMEWORK_SEARCH_PATHS = (
					"\"$(SDKROOT)/Developer/Library/Frameworks\"",
					"\"$(DEVELOPER_LIBRARY_DIR)/Frameworks\"",
				);
				GCC_PRECOMPILE_PREFIX_HEADER = YES;
				GCC_PREFIX_HEADER = "Wk4/Wk4-Prefix.pch";
				INFOPLIST_FILE = "Wk4Tests/Wk4Tests-Info.plist";
				PRODUCT_NAME = "$(TARGET_NAME)";
				TEST_HOST = "$(BUNDLE_LOADER)";
				WRAPPER_EXTENSION = octest;
			};
			name = Release;
		};
/* End XCBuildConfiguration section */

/* Begin XCConfigurationList section */
		B2778D1015E6DB8B00E4407E /* Build configuration list for PBXProject "Wk4" */ = {
			isa = XCConfigurationList;
			buildConfigurations = (
				B2778D4A15E6DB8B00E4407E /* Debug */,
				B2778D4B15E6DB8B00E4407E /* Release */,
			);
			defaultConfigurationIsVisible = 0;
			defaultConfigurationName = Release;
		};
		B2778D4C15E6DB8B00E4407E /* Build configuration list for PBXNativeTarget "Wk4" */ = {
			isa = XCConfigurationList;
			buildConfigurations = (
				B2778D4D15E6DB8B00E4407E /* Debug */,
				B2778D4E15E6DB8B00E4407E /* Release */,
			);
			defaultConfigurationIsVisible = 0;
		};
		B2778D4F15E6DB8B00E4407E /* Build configuration list for PBXNativeTarget "Wk4Tests" */ = {
			isa = XCConfigurationList;
			buildConfigurations = (
				B2778D5015E6DB8B00E4407E /* Debug */,
				B2778D5115E6DB8B00E4407E /* Release */,
			);
			defaultConfigurationIsVisible = 0;
		};
/* End XCConfigurationList section */
	};
	rootObject = B2778D0D15E6DB8B00E4407E /* Project object */;
}
